
Microsoft Visual Studio Solution File, Format Version 12.00
# Visual Studio Version 17
VisualStudioVersion = 17.2.32519.379
MinimumVisualStudioVersion = 10.0.40219.1
Project("{FAE04EC0-301F-11D3-BF4B-00C04F79EFBC}") = "Log4NetSample.LogUtility", "Log4NetSample.LogUtility\Log4NetSample.LogUtility.csproj", "{4147B8BA-BB45-40C4-A9F7-E9B38D8169A4}"
EndProject
Project("{FAE04EC0-301F-11D3-BF4B-00C04F79EFBC}") = "Log4NetSample.ConsoleApp", "Log4NetSample.ConsoleApp\Log4NetSample.ConsoleApp.csproj", "{955F784C-FCE3-4447-956E-1B1607283BC4}"
EndProject
Global
	GlobalSection(SolutionConfigurationPlatforms) = preSolution
		Debug|Any CPU = Debug|Any CPU
		Release|Any CPU = Release|Any CPU
	EndGlobalSection
	GlobalSection(ProjectConfigurationPlatforms) = postSolution
		{4147B8BA-BB45-40C4-A9F7-E9B38D8169A4}.Debug|Any CPU.ActiveCfg = Debug|Any CPU
		{4147B8BA-BB45-40C4-A9F7-E9B38D8169A4}.Debug|Any CPU.Build.0 = Debug|Any CPU
		{4147B8BA-BB45-40C4-A9F7-E9B38D8169A4}.Release|Any CPU.ActiveCfg = Release|Any CPU
		{4147B8BA-BB45-40C4-A9F7-E9B38D8169A4}.Release|Any CPU.Build.0 = Release|Any CPU
		{955F784C-FCE3-4447-956E-1B1607283BC4}.Debug|Any CPU.ActiveCfg = Debug|Any CPU
		{955F784C-FCE3-4447-956E-1B1607283BC4}.Debug|Any CPU.Build.0 = Debug|Any CPU
		{955F784C-FCE3-4447-956E-1B1607283BC4}.Release|Any CPU.ActiveCfg = Release|Any CPU
		{955F784C-FCE3-4447-956E-1B1607283BC4}.Release|Any CPU.Build.0 = Release|Any CPU
	EndGlobalSection
	GlobalSection(SolutionProperties) = preSolution
		HideSolutionNode = FALSE
	EndGlobalSection
	GlobalSection(ExtensibilityGlobals) = postSolution
		SolutionGuid = {279C17BA-FA4E-4578-A860-C4958419EF5E}
	EndGlobalSection
EndGlobal
